
Microsoft Visual Studio Solution File, Format Version 12.00
# Visual Studio Version 17
VisualStudioVersion = 17.10.35027.167
MinimumVisualStudioVersion = 10.0.40219.1
Project("{FAE04EC0-301F-11D3-BF4B-00C04F79EFBC}") = "WebAppElectricity", "WebAppElectricity\WebAppElectricity.csproj", "{D5FB48C8-2BF1-40C7-A1B2-5ADC2B3DAA29}"
EndProject
Global
	GlobalSection(SolutionConfigurationPlatforms) = preSolution
		Debug|Any CPU = Debug|Any CPU
		Release|Any CPU = Release|Any CPU
	EndGlobalSection
	GlobalSection(ProjectConfigurationPlatforms) = postSolution
		{D5FB48C8-2BF1-40C7-A1B2-5ADC2B3DAA29}.Debug|Any CPU.ActiveCfg = Debug|Any CPU
		{D5FB48C8-2BF1-40C7-A1B2-5ADC2B3DAA29}.Debug|Any CPU.Build.0 = Debug|Any CPU
		{D5FB48C8-2BF1-40C7-A1B2-5ADC2B3DAA29}.Release|Any CPU.ActiveCfg = Release|Any CPU
		{D5FB48C8-2BF1-40C7-A1B2-5ADC2B3DAA29}.Release|Any CPU.Build.0 = Release|Any CPU
	EndGlobalSection
	GlobalSection(SolutionProperties) = preSolution
		HideSolutionNode = FALSE
	EndGlobalSection
	GlobalSection(ExtensibilityGlobals) = postSolution
		SolutionGuid = {7BBE804A-9C19-4D92-810C-4E65779969C2}
	EndGlobalSection
EndGlobal
